
Microsoft Visual Studio Solution File, Format Version 12.00
# Visual Studio Version 16
VisualStudioVersion = 16.0.30320.27
MinimumVisualStudioVersion = 10.0.40219.1
Project("{FAE04EC0-301F-11D3-BF4B-00C04F79EFBC}") = "BuscaminasTPL", "BuscaminasTPL\BuscaminasTPL.csproj", "{5DDF32E6-5C1B-4BC5-95E4-730EE9221034}"
EndProject
Global
	GlobalSection(SolutionConfigurationPlatforms) = preSolution
		Debug|Any CPU = Debug|Any CPU
		Release|Any CPU = Release|Any CPU
	EndGlobalSection
	GlobalSection(ProjectConfigurationPlatforms) = postSolution
		{5DDF32E6-5C1B-4BC5-95E4-730EE9221034}.Debug|Any CPU.ActiveCfg = Debug|Any CPU
		{5DDF32E6-5C1B-4BC5-95E4-730EE9221034}.Debug|Any CPU.Build.0 = Debug|Any CPU
		{5DDF32E6-5C1B-4BC5-95E4-730EE9221034}.Release|Any CPU.ActiveCfg = Release|Any CPU
		{5DDF32E6-5C1B-4BC5-95E4-730EE9221034}.Release|Any CPU.Build.0 = Release|Any CPU
	EndGlobalSection
	GlobalSection(SolutionProperties) = preSolution
		HideSolutionNode = FALSE
	EndGlobalSection
	GlobalSection(ExtensibilityGlobals) = postSolution
		SolutionGuid = {8A5C91E0-D493-438A-B78C-E9A3700B9C80}
	EndGlobalSection
EndGlobal
